
Microsoft Visual Studio Solution File, Format Version 12.00
# Visual Studio 14
VisualStudioVersion = 14.0.22823.1
MinimumVisualStudioVersion = 10.0.40219.1
Project("{FAE04EC0-301F-11D3-BF4B-00C04F79EFBC}") = "Hangman", "Hangman\Hangman.csproj", "{0EFE0718-ABEE-439E-894A-3DE35D2BCC2F}"
EndProject
Project("{FAE04EC0-301F-11D3-BF4B-00C04F79EFBC}") = "Hangman.Tests", "Hangman.Tests\Hangman.Tests.csproj", "{8524A62B-3BE5-461A-9495-71AA455944D8}"
EndProject
Project("{2150E333-8FDC-42A3-9474-1A3956D46DE8}") = "Solution Items", "Solution Items", "{D6024771-EED2-460A-8A5C-9E5FEF376B7F}"
EndProject
Global
	GlobalSection(SolutionConfigurationPlatforms) = preSolution
		Debug|Any CPU = Debug|Any CPU
		Release|Any CPU = Release|Any CPU
	EndGlobalSection
	GlobalSection(ProjectConfigurationPlatforms) = postSolution
		{0EFE0718-ABEE-439E-894A-3DE35D2BCC2F}.Debug|Any CPU.ActiveCfg = Debug|Any CPU
		{0EFE0718-ABEE-439E-894A-3DE35D2BCC2F}.Debug|Any CPU.Build.0 = Debug|Any CPU
		{0EFE0718-ABEE-439E-894A-3DE35D2BCC2F}.Release|Any CPU.ActiveCfg = Release|Any CPU
		{0EFE0718-ABEE-439E-894A-3DE35D2BCC2F}.Release|Any CPU.Build.0 = Release|Any CPU
		{8524A62B-3BE5-461A-9495-71AA455944D8}.Debug|Any CPU.ActiveCfg = Debug|Any CPU
		{8524A62B-3BE5-461A-9495-71AA455944D8}.Debug|Any CPU.Build.0 = Debug|Any CPU
		{8524A62B-3BE5-461A-9495-71AA455944D8}.Release|Any CPU.ActiveCfg = Release|Any CPU
		{8524A62B-3BE5-461A-9495-71AA455944D8}.Release|Any CPU.Build.0 = Release|Any CPU
	EndGlobalSection
	GlobalSection(SolutionProperties) = preSolution
		HideSolutionNode = FALSE
	EndGlobalSection
EndGlobal
